
Microsoft Visual Studio Solution File, Format Version 12.00
# Visual Studio 15
VisualStudioVersion = 15.0.27703.2018
MinimumVisualStudioVersion = 10.0.40219.1
Project("{FAE04EC0-301F-11D3-BF4B-00C04F79EFBC}") = "Metrica.Data", "Metrica.Data\Metrica.Data.csproj", "{EAFFFDF2-0779-4B8E-A10C-E8907D07D6C5}"
EndProject
Project("{FAE04EC0-301F-11D3-BF4B-00C04F79EFBC}") = "Metrica.Entidades", "Metrica.Entidades\Metrica.Entidades.csproj", "{9520BB2F-140E-4ECB-849C-2E5CE9D386FA}"
EndProject
Project("{FAE04EC0-301F-11D3-BF4B-00C04F79EFBC}") = "Metrica.Negocio", "Metrica.Negocio\Metrica.Negocio.csproj", "{7DAD6F1D-1F95-47E9-AC31-05771A21AE84}"
EndProject
Project("{FAE04EC0-301F-11D3-BF4B-00C04F79EFBC}") = "Metrica.WebApi", "Metrica.WebApi\Metrica.WebApi.csproj", "{A487C928-E09F-4210-B351-FF81FC88B486}"
EndProject
Project("{2150E333-8FDC-42A3-9474-1A3956D46DE8}") = "FrontEnd", "FrontEnd", "{1AF6F125-D2AB-45E2-81A0-52C211F75E74}"
EndProject
Project("{2150E333-8FDC-42A3-9474-1A3956D46DE8}") = "BackEnd", "BackEnd", "{404A99D3-EF0D-47EE-92AD-4812B8A87864}"
EndProject
Project("{9A19103F-16F7-4668-BE54-9A1E7A4F7556}") = "Metrica.Dto", "Metrica.Dto\Metrica.Dto.csproj", "{6FF46C81-F7CC-41E0-8580-A2B22372C764}"
EndProject
Project("{FAE04EC0-301F-11D3-BF4B-00C04F79EFBC}") = "Metrica.Inyeccion", "Metrica.Inyeccion\Metrica.Inyeccion.csproj", "{9A130E29-43EF-4F5B-B439-14BD0005B3FE}"
EndProject
Project("{FAE04EC0-301F-11D3-BF4B-00C04F79EFBC}") = "Metrica.Transversal", "Metrica.Transversal\Metrica.Transversal.csproj", "{18AFE3C4-678C-4FB6-9C78-E58864542EA3}"
EndProject
Project("{2150E333-8FDC-42A3-9474-1A3956D46DE8}") = "5 Transversal", "5 Transversal", "{D34817BE-34D1-4DEF-B9C6-6974A130F2AE}"
EndProject
Project("{2150E333-8FDC-42A3-9474-1A3956D46DE8}") = "1 Servicio Distribuido", "1 Servicio Distribuido", "{73BB6C32-D0C2-4298-9854-C57033B3BF32}"
EndProject
Project("{2150E333-8FDC-42A3-9474-1A3956D46DE8}") = "4 Acceso Datos", "4 Acceso Datos", "{182D2985-9428-4144-BC14-D2BA1592117E}"
EndProject
Project("{2150E333-8FDC-42A3-9474-1A3956D46DE8}") = "3 Dominio", "3 Dominio", "{5F7A861D-C120-4A3A-98B8-0EC58A2EA32B}"
EndProject
Project("{2150E333-8FDC-42A3-9474-1A3956D46DE8}") = "2 Aplicacion", "2 Aplicacion", "{1929DF1B-15F2-46F9-A304-EBA8BD392A21}"
EndProject
Project("{FAE04EC0-301F-11D3-BF4B-00C04F79EFBC}") = "Metrica.Servicios", "Metrica.Servicios\Metrica.Servicios.csproj", "{747BF281-5B8D-42AE-8B5D-895CC76702AC}"
EndProject
Project("{2150E333-8FDC-42A3-9474-1A3956D46DE8}") = "2 Transversal", "2 Transversal", "{4CCFAC2B-7948-48A9-9B6C-D6B748F4F73D}"
EndProject
Project("{2150E333-8FDC-42A3-9474-1A3956D46DE8}") = "1 Web", "1 Web", "{4CE67991-2E46-4460-8DC0-506CD6CD09CE}"
EndProject
Project("{9A19103F-16F7-4668-BE54-9A1E7A4F7556}") = "Metrica.Web", "Metrica.Web\Metrica.Web.csproj", "{ACC352B0-8655-4002-B639-B59CCAA153EF}"
EndProject
Global
	GlobalSection(SolutionConfigurationPlatforms) = preSolution
		Debug|Any CPU = Debug|Any CPU
		Release|Any CPU = Release|Any CPU
	EndGlobalSection
	GlobalSection(ProjectConfigurationPlatforms) = postSolution
		{EAFFFDF2-0779-4B8E-A10C-E8907D07D6C5}.Debug|Any CPU.ActiveCfg = Debug|Any CPU
		{EAFFFDF2-0779-4B8E-A10C-E8907D07D6C5}.Debug|Any CPU.Build.0 = Debug|Any CPU
		{EAFFFDF2-0779-4B8E-A10C-E8907D07D6C5}.Release|Any CPU.ActiveCfg = Release|Any CPU
		{EAFFFDF2-0779-4B8E-A10C-E8907D07D6C5}.Release|Any CPU.Build.0 = Release|Any CPU
		{9520BB2F-140E-4ECB-849C-2E5CE9D386FA}.Debug|Any CPU.ActiveCfg = Debug|Any CPU
		{9520BB2F-140E-4ECB-849C-2E5CE9D386FA}.Debug|Any CPU.Build.0 = Debug|Any CPU
		{9520BB2F-140E-4ECB-849C-2E5CE9D386FA}.Release|Any CPU.ActiveCfg = Release|Any CPU
		{9520BB2F-140E-4ECB-849C-2E5CE9D386FA}.Release|Any CPU.Build.0 = Release|Any CPU
		{7DAD6F1D-1F95-47E9-AC31-05771A21AE84}.Debug|Any CPU.ActiveCfg = Debug|Any CPU
		{7DAD6F1D-1F95-47E9-AC31-05771A21AE84}.Debug|Any CPU.Build.0 = Debug|Any CPU
		{7DAD6F1D-1F95-47E9-AC31-05771A21AE84}.Release|Any CPU.ActiveCfg = Release|Any CPU
		{7DAD6F1D-1F95-47E9-AC31-05771A21AE84}.Release|Any CPU.Build.0 = Release|Any CPU
		{A487C928-E09F-4210-B351-FF81FC88B486}.Debug|Any CPU.ActiveCfg = Debug|Any CPU
		{A487C928-E09F-4210-B351-FF81FC88B486}.Debug|Any CPU.Build.0 = Debug|Any CPU
		{A487C928-E09F-4210-B351-FF81FC88B486}.Release|Any CPU.ActiveCfg = Release|Any CPU
		{A487C928-E09F-4210-B351-FF81FC88B486}.Release|Any CPU.Build.0 = Release|Any CPU
		{6FF46C81-F7CC-41E0-8580-A2B22372C764}.Debug|Any CPU.ActiveCfg = Debug|Any CPU
		{6FF46C81-F7CC-41E0-8580-A2B22372C764}.Debug|Any CPU.Build.0 = Debug|Any CPU
		{6FF46C81-F7CC-41E0-8580-A2B22372C764}.Release|Any CPU.ActiveCfg = Release|Any CPU
		{6FF46C81-F7CC-41E0-8580-A2B22372C764}.Release|Any CPU.Build.0 = Release|Any CPU
		{9A130E29-43EF-4F5B-B439-14BD0005B3FE}.Debug|Any CPU.ActiveCfg = Debug|Any CPU
		{9A130E29-43EF-4F5B-B439-14BD0005B3FE}.Debug|Any CPU.Build.0 = Debug|Any CPU
		{9A130E29-43EF-4F5B-B439-14BD0005B3FE}.Release|Any CPU.ActiveCfg = Release|Any CPU
		{9A130E29-43EF-4F5B-B439-14BD0005B3FE}.Release|Any CPU.Build.0 = Release|Any CPU
		{18AFE3C4-678C-4FB6-9C78-E58864542EA3}.Debug|Any CPU.ActiveCfg = Debug|Any CPU
		{18AFE3C4-678C-4FB6-9C78-E58864542EA3}.Debug|Any CPU.Build.0 = Debug|Any CPU
		{18AFE3C4-678C-4FB6-9C78-E58864542EA3}.Release|Any CPU.ActiveCfg = Release|Any CPU
		{18AFE3C4-678C-4FB6-9C78-E58864542EA3}.Release|Any CPU.Build.0 = Release|Any CPU
		{747BF281-5B8D-42AE-8B5D-895CC76702AC}.Debug|Any CPU.ActiveCfg = Debug|Any CPU
		{747BF281-5B8D-42AE-8B5D-895CC76702AC}.Debug|Any CPU.Build.0 = Debug|Any CPU
		{747BF281-5B8D-42AE-8B5D-895CC76702AC}.Release|Any CPU.ActiveCfg = Release|Any CPU
		{747BF281-5B8D-42AE-8B5D-895CC76702AC}.Release|Any CPU.Build.0 = Release|Any CPU
		{ACC352B0-8655-4002-B639-B59CCAA153EF}.Debug|Any CPU.ActiveCfg = Debug|Any CPU
		{ACC352B0-8655-4002-B639-B59CCAA153EF}.Debug|Any CPU.Build.0 = Debug|Any CPU
		{ACC352B0-8655-4002-B639-B59CCAA153EF}.Release|Any CPU.ActiveCfg = Release|Any CPU
		{ACC352B0-8655-4002-B639-B59CCAA153EF}.Release|Any CPU.Build.0 = Release|Any CPU
	EndGlobalSection
	GlobalSection(SolutionProperties) = preSolution
		HideSolutionNode = FALSE
	EndGlobalSection
	GlobalSection(NestedProjects) = preSolution
		{EAFFFDF2-0779-4B8E-A10C-E8907D07D6C5} = {182D2985-9428-4144-BC14-D2BA1592117E}
		{9520BB2F-140E-4ECB-849C-2E5CE9D386FA} = {D34817BE-34D1-4DEF-B9C6-6974A130F2AE}
		{7DAD6F1D-1F95-47E9-AC31-05771A21AE84} = {5F7A861D-C120-4A3A-98B8-0EC58A2EA32B}
		{A487C928-E09F-4210-B351-FF81FC88B486} = {73BB6C32-D0C2-4298-9854-C57033B3BF32}
		{6FF46C81-F7CC-41E0-8580-A2B22372C764} = {4CCFAC2B-7948-48A9-9B6C-D6B748F4F73D}
		{9A130E29-43EF-4F5B-B439-14BD0005B3FE} = {D34817BE-34D1-4DEF-B9C6-6974A130F2AE}
		{18AFE3C4-678C-4FB6-9C78-E58864542EA3} = {D34817BE-34D1-4DEF-B9C6-6974A130F2AE}
		{D34817BE-34D1-4DEF-B9C6-6974A130F2AE} = {404A99D3-EF0D-47EE-92AD-4812B8A87864}
		{73BB6C32-D0C2-4298-9854-C57033B3BF32} = {404A99D3-EF0D-47EE-92AD-4812B8A87864}
		{182D2985-9428-4144-BC14-D2BA1592117E} = {404A99D3-EF0D-47EE-92AD-4812B8A87864}
		{5F7A861D-C120-4A3A-98B8-0EC58A2EA32B} = {404A99D3-EF0D-47EE-92AD-4812B8A87864}
		{1929DF1B-15F2-46F9-A304-EBA8BD392A21} = {404A99D3-EF0D-47EE-92AD-4812B8A87864}
		{747BF281-5B8D-42AE-8B5D-895CC76702AC} = {1929DF1B-15F2-46F9-A304-EBA8BD392A21}
		{4CCFAC2B-7948-48A9-9B6C-D6B748F4F73D} = {1AF6F125-D2AB-45E2-81A0-52C211F75E74}
		{4CE67991-2E46-4460-8DC0-506CD6CD09CE} = {1AF6F125-D2AB-45E2-81A0-52C211F75E74}
		{ACC352B0-8655-4002-B639-B59CCAA153EF} = {4CE67991-2E46-4460-8DC0-506CD6CD09CE}
	EndGlobalSection
	GlobalSection(ExtensibilityGlobals) = postSolution
		SolutionGuid = {3966113B-24B4-4548-A14F-876B486BC4CC}
		EnterpriseLibraryConfigurationToolBinariesPathV6 = packages\EnterpriseLibrary.Common.6.0.1304.0\lib\NET45;packages\EnterpriseLibrary.Data.6.0.1304.0\lib\NET45
	EndGlobalSection
EndGlobal
